
Microsoft Visual Studio Solution File, Format Version 12.00
# Visual Studio Version 17
VisualStudioVersion = 17.3.32929.385
MinimumVisualStudioVersion = 10.0.40219.1
Project("{FAE04EC0-301F-11D3-BF4B-00C04F79EFBC}") = "WebApiNet5CodeFirst", "WebApiNet5CodeFirst\WebApiNet5CodeFirst.csproj", "{A2948A4E-0E15-4451-8C21-38FCE816EE11}"
EndProject
Global
	GlobalSection(SolutionConfigurationPlatforms) = preSolution
		Debug|Any CPU = Debug|Any CPU
		Release|Any CPU = Release|Any CPU
	EndGlobalSection
	GlobalSection(ProjectConfigurationPlatforms) = postSolution
		{A2948A4E-0E15-4451-8C21-38FCE816EE11}.Debug|Any CPU.ActiveCfg = Debug|Any CPU
		{A2948A4E-0E15-4451-8C21-38FCE816EE11}.Debug|Any CPU.Build.0 = Debug|Any CPU
		{A2948A4E-0E15-4451-8C21-38FCE816EE11}.Release|Any CPU.ActiveCfg = Release|Any CPU
		{A2948A4E-0E15-4451-8C21-38FCE816EE11}.Release|Any CPU.Build.0 = Release|Any CPU
	EndGlobalSection
	GlobalSection(SolutionProperties) = preSolution
		HideSolutionNode = FALSE
	EndGlobalSection
	GlobalSection(ExtensibilityGlobals) = postSolution
		SolutionGuid = {1F86D760-CA1E-407A-9159-E84937C58415}
	EndGlobalSection
EndGlobal
